
Microsoft Visual Studio Solution File, Format Version 12.00
# Visual Studio 15
VisualStudioVersion = 15.0.28307.1340
MinimumVisualStudioVersion = 10.0.40219.1
Project("{9A19103F-16F7-4668-BE54-9A1E7A4F7556}") = "NewsFeedWebApiServer", "NewsFeedWebApiServer\NewsFeedWebApiServer.csproj", "{57F3BB6D-B7D3-46A0-A62C-D856A44C0529}"
EndProject
Project("{9A19103F-16F7-4668-BE54-9A1E7A4F7556}") = "NewsFeedDAL_EF", "NewsD\NewsFeedDAL_EF.csproj", "{BC8EA626-5010-4A47-813D-A238232F047F}"
EndProject
Project("{9A19103F-16F7-4668-BE54-9A1E7A4F7556}") = "NewsFeedRepositories", "NewsFeedRepositories\NewsFeedRepositories.csproj", "{C1D27EB5-3242-4A3F-A0D2-22B956C1C2CB}"
EndProject
Project("{FAE04EC0-301F-11D3-BF4B-00C04F79EFBC}") = "NewsFeedServices", "NewsFeedServices\NewsFeedServices.csproj", "{21A31490-7533-42CB-ACF4-4F0D528A035B}"
EndProject
Project("{FAE04EC0-301F-11D3-BF4B-00C04F79EFBC}") = "NewsFeedTest", "NewsFeedTest\NewsFeedTest.csproj", "{6F24E53E-8FA3-4D7C-9954-4694A8CCCAD8}"
EndProject
Global
	GlobalSection(SolutionConfigurationPlatforms) = preSolution
		Debug|Any CPU = Debug|Any CPU
		Release|Any CPU = Release|Any CPU
	EndGlobalSection
	GlobalSection(ProjectConfigurationPlatforms) = postSolution
		{57F3BB6D-B7D3-46A0-A62C-D856A44C0529}.Debug|Any CPU.ActiveCfg = Debug|Any CPU
		{57F3BB6D-B7D3-46A0-A62C-D856A44C0529}.Debug|Any CPU.Build.0 = Debug|Any CPU
		{57F3BB6D-B7D3-46A0-A62C-D856A44C0529}.Release|Any CPU.ActiveCfg = Release|Any CPU
		{57F3BB6D-B7D3-46A0-A62C-D856A44C0529}.Release|Any CPU.Build.0 = Release|Any CPU
		{BC8EA626-5010-4A47-813D-A238232F047F}.Debug|Any CPU.ActiveCfg = Debug|Any CPU
		{BC8EA626-5010-4A47-813D-A238232F047F}.Debug|Any CPU.Build.0 = Debug|Any CPU
		{BC8EA626-5010-4A47-813D-A238232F047F}.Release|Any CPU.ActiveCfg = Release|Any CPU
		{BC8EA626-5010-4A47-813D-A238232F047F}.Release|Any CPU.Build.0 = Release|Any CPU
		{C1D27EB5-3242-4A3F-A0D2-22B956C1C2CB}.Debug|Any CPU.ActiveCfg = Debug|Any CPU
		{C1D27EB5-3242-4A3F-A0D2-22B956C1C2CB}.Debug|Any CPU.Build.0 = Debug|Any CPU
		{C1D27EB5-3242-4A3F-A0D2-22B956C1C2CB}.Release|Any CPU.ActiveCfg = Release|Any CPU
		{C1D27EB5-3242-4A3F-A0D2-22B956C1C2CB}.Release|Any CPU.Build.0 = Release|Any CPU
		{21A31490-7533-42CB-ACF4-4F0D528A035B}.Debug|Any CPU.ActiveCfg = Debug|Any CPU
		{21A31490-7533-42CB-ACF4-4F0D528A035B}.Debug|Any CPU.Build.0 = Debug|Any CPU
		{21A31490-7533-42CB-ACF4-4F0D528A035B}.Release|Any CPU.ActiveCfg = Release|Any CPU
		{21A31490-7533-42CB-ACF4-4F0D528A035B}.Release|Any CPU.Build.0 = Release|Any CPU
		{6F24E53E-8FA3-4D7C-9954-4694A8CCCAD8}.Debug|Any CPU.ActiveCfg = Debug|Any CPU
		{6F24E53E-8FA3-4D7C-9954-4694A8CCCAD8}.Debug|Any CPU.Build.0 = Debug|Any CPU
		{6F24E53E-8FA3-4D7C-9954-4694A8CCCAD8}.Release|Any CPU.ActiveCfg = Release|Any CPU
		{6F24E53E-8FA3-4D7C-9954-4694A8CCCAD8}.Release|Any CPU.Build.0 = Release|Any CPU
	EndGlobalSection
	GlobalSection(SolutionProperties) = preSolution
		HideSolutionNode = FALSE
	EndGlobalSection
	GlobalSection(ExtensibilityGlobals) = postSolution
		SolutionGuid = {D2C562D9-6F01-4C79-81E5-C8609E9BC4C2}
	EndGlobalSection
EndGlobal
